
Microsoft Visual Studio Solution File, Format Version 12.00
# Visual Studio Version 16
VisualStudioVersion = 16.0.31112.23
MinimumVisualStudioVersion = 10.0.40219.1
Project("{FAE04EC0-301F-11D3-BF4B-00C04F79EFBC}") = "AppPackageInfo", "AppPackageInfo.csproj", "{81771E72-7A26-41B5-8C86-2EDB94607A6E}"
EndProject
Global
	GlobalSection(SolutionConfigurationPlatforms) = preSolution
		Debug|Any CPU = Debug|Any CPU
		Release|Any CPU = Release|Any CPU
	EndGlobalSection
	GlobalSection(ProjectConfigurationPlatforms) = postSolution
		{81771E72-7A26-41B5-8C86-2EDB94607A6E}.Debug|Any CPU.ActiveCfg = Debug|Any CPU
		{81771E72-7A26-41B5-8C86-2EDB94607A6E}.Debug|Any CPU.Build.0 = Debug|Any CPU
		{81771E72-7A26-41B5-8C86-2EDB94607A6E}.Release|Any CPU.ActiveCfg = Release|Any CPU
		{81771E72-7A26-41B5-8C86-2EDB94607A6E}.Release|Any CPU.Build.0 = Release|Any CPU
	EndGlobalSection
	GlobalSection(SolutionProperties) = preSolution
		HideSolutionNode = FALSE
	EndGlobalSection
	GlobalSection(ExtensibilityGlobals) = postSolution
		SolutionGuid = {80FC9069-5E42-4243-ACAA-A70209CB155E}
	EndGlobalSection
EndGlobal
